
Microsoft Visual Studio Solution File, Format Version 12.00
Project("{2150E333-8FDC-42A3-9474-1A3956D46DE8}") = "src", "src", "{87763682-C696-49B8-9887-1C4446963CEF}"
EndProject
Project("{2150E333-8FDC-42A3-9474-1A3956D46DE8}") = "API", "API", "{84639380-9002-47C7-8B09-24B80D4F38EA}"
EndProject
Project("{2150E333-8FDC-42A3-9474-1A3956D46DE8}") = "Modules", "Modules", "{8A5C83DC-F0D6-4520-86EA-A7F47279DB94}"
EndProject
Project("{2150E333-8FDC-42A3-9474-1A3956D46DE8}") = "Events", "Events", "{2CF3E632-69A2-4C05-84C3-4F6C58B073AD}"
EndProject
Project("{2150E333-8FDC-42A3-9474-1A3956D46DE8}") = "Solution Items", "Solution Items", "{C810F7CF-B211-4E0B-B4B7-3D394E8DF03B}"
	ProjectSection(SolutionItems) = preProject
		docker-compose.yml = docker-compose.yml
		.editorconfig = .editorconfig
		Directory.Build.props = Directory.Build.props
	EndProjectSection
EndProject
Project("{FAE04EC0-301F-11D3-BF4B-00C04F79EFBC}") = "Evently.Api", "src\API\Evently.Api\Evently.Api.csproj", "{D8BD99B1-4CE7-4638-9C9F-4973B9E120EF}"
EndProject
Project("{FAE04EC0-301F-11D3-BF4B-00C04F79EFBC}") = "Evently.Modules.Events.Domain", "src\Modules\Events\Evently.Modules.Events.Domain\Evently.Modules.Events.Domain.csproj", "{47CB158A-EF73-42B7-9C13-E415639FB998}"
EndProject
Project("{FAE04EC0-301F-11D3-BF4B-00C04F79EFBC}") = "Evently.Modules.Events.Application", "src\Modules\Events\Evently.Modules.Events.Application\Evently.Modules.Events.Application.csproj", "{20DFB43E-CF0E-43C5-A50C-0DD8862EADB4}"
EndProject
Project("{FAE04EC0-301F-11D3-BF4B-00C04F79EFBC}") = "Evently.Modules.Events.Infrastructure", "src\Modules\Events\Evently.Modules.Events.Infrastructure\Evently.Modules.Events.Infrastructure.csproj", "{4790A67A-E6F9-4860-B0D7-6176410110CF}"
EndProject
Project("{FAE04EC0-301F-11D3-BF4B-00C04F79EFBC}") = "Evently.Modules.Events.Presentation", "src\Modules\Events\Evently.Modules.Events.Presentation\Evently.Modules.Events.Presentation.csproj", "{26087DE8-A1C4-4BE7-A59A-CBF73A8B9145}"
EndProject
Global
	GlobalSection(SolutionConfigurationPlatforms) = preSolution
		Debug|Any CPU = Debug|Any CPU
		Release|Any CPU = Release|Any CPU
	EndGlobalSection
	GlobalSection(NestedProjects) = preSolution
		{84639380-9002-47C7-8B09-24B80D4F38EA} = {87763682-C696-49B8-9887-1C4446963CEF}
		{8A5C83DC-F0D6-4520-86EA-A7F47279DB94} = {87763682-C696-49B8-9887-1C4446963CEF}
		{2CF3E632-69A2-4C05-84C3-4F6C58B073AD} = {8A5C83DC-F0D6-4520-86EA-A7F47279DB94}
		{D8BD99B1-4CE7-4638-9C9F-4973B9E120EF} = {84639380-9002-47C7-8B09-24B80D4F38EA}
		{47CB158A-EF73-42B7-9C13-E415639FB998} = {2CF3E632-69A2-4C05-84C3-4F6C58B073AD}
		{20DFB43E-CF0E-43C5-A50C-0DD8862EADB4} = {2CF3E632-69A2-4C05-84C3-4F6C58B073AD}
		{4790A67A-E6F9-4860-B0D7-6176410110CF} = {2CF3E632-69A2-4C05-84C3-4F6C58B073AD}
		{26087DE8-A1C4-4BE7-A59A-CBF73A8B9145} = {2CF3E632-69A2-4C05-84C3-4F6C58B073AD}
	EndGlobalSection
	GlobalSection(ProjectConfigurationPlatforms) = postSolution
		{D8BD99B1-4CE7-4638-9C9F-4973B9E120EF}.Debug|Any CPU.ActiveCfg = Debug|Any CPU
		{D8BD99B1-4CE7-4638-9C9F-4973B9E120EF}.Debug|Any CPU.Build.0 = Debug|Any CPU
		{D8BD99B1-4CE7-4638-9C9F-4973B9E120EF}.Release|Any CPU.ActiveCfg = Release|Any CPU
		{D8BD99B1-4CE7-4638-9C9F-4973B9E120EF}.Release|Any CPU.Build.0 = Release|Any CPU
		{47CB158A-EF73-42B7-9C13-E415639FB998}.Debug|Any CPU.ActiveCfg = Debug|Any CPU
		{47CB158A-EF73-42B7-9C13-E415639FB998}.Debug|Any CPU.Build.0 = Debug|Any CPU
		{47CB158A-EF73-42B7-9C13-E415639FB998}.Release|Any CPU.ActiveCfg = Release|Any CPU
		{47CB158A-EF73-42B7-9C13-E415639FB998}.Release|Any CPU.Build.0 = Release|Any CPU
		{20DFB43E-CF0E-43C5-A50C-0DD8862EADB4}.Debug|Any CPU.ActiveCfg = Debug|Any CPU
		{20DFB43E-CF0E-43C5-A50C-0DD8862EADB4}.Debug|Any CPU.Build.0 = Debug|Any CPU
		{20DFB43E-CF0E-43C5-A50C-0DD8862EADB4}.Release|Any CPU.ActiveCfg = Release|Any CPU
		{20DFB43E-CF0E-43C5-A50C-0DD8862EADB4}.Release|Any CPU.Build.0 = Release|Any CPU
		{4790A67A-E6F9-4860-B0D7-6176410110CF}.Debug|Any CPU.ActiveCfg = Debug|Any CPU
		{4790A67A-E6F9-4860-B0D7-6176410110CF}.Debug|Any CPU.Build.0 = Debug|Any CPU
		{4790A67A-E6F9-4860-B0D7-6176410110CF}.Release|Any CPU.ActiveCfg = Release|Any CPU
		{4790A67A-E6F9-4860-B0D7-6176410110CF}.Release|Any CPU.Build.0 = Release|Any CPU
		{26087DE8-A1C4-4BE7-A59A-CBF73A8B9145}.Debug|Any CPU.ActiveCfg = Debug|Any CPU
		{26087DE8-A1C4-4BE7-A59A-CBF73A8B9145}.Debug|Any CPU.Build.0 = Debug|Any CPU
		{26087DE8-A1C4-4BE7-A59A-CBF73A8B9145}.Release|Any CPU.ActiveCfg = Release|Any CPU
		{26087DE8-A1C4-4BE7-A59A-CBF73A8B9145}.Release|Any CPU.Build.0 = Release|Any CPU
	EndGlobalSection
EndGlobal
